
Microsoft Visual Studio Solution File, Format Version 12.00
# Visual Studio 15
VisualStudioVersion = 15.0.27703.2035
MinimumVisualStudioVersion = 10.0.40219.1
Project("{FAE04EC0-301F-11D3-BF4B-00C04F79EFBC}") = "LEACOACHAAPIREST", "LEACOACHAAPIREST\LEACOACHAAPIREST.csproj", "{706080AB-019D-4075-B46E-105121E1C0B3}"
EndProject
Global
	GlobalSection(SolutionConfigurationPlatforms) = preSolution
		Debug|Any CPU = Debug|Any CPU
		Release|Any CPU = Release|Any CPU
	EndGlobalSection
	GlobalSection(ProjectConfigurationPlatforms) = postSolution
		{706080AB-019D-4075-B46E-105121E1C0B3}.Debug|Any CPU.ActiveCfg = Debug|Any CPU
		{706080AB-019D-4075-B46E-105121E1C0B3}.Debug|Any CPU.Build.0 = Debug|Any CPU
		{706080AB-019D-4075-B46E-105121E1C0B3}.Release|Any CPU.ActiveCfg = Release|Any CPU
		{706080AB-019D-4075-B46E-105121E1C0B3}.Release|Any CPU.Build.0 = Release|Any CPU
	EndGlobalSection
	GlobalSection(SolutionProperties) = preSolution
		HideSolutionNode = FALSE
	EndGlobalSection
	GlobalSection(ExtensibilityGlobals) = postSolution
		SolutionGuid = {D929255E-5753-494B-9196-339FAA1B1C3E}
	EndGlobalSection
EndGlobal
